
Microsoft Visual Studio Solution File, Format Version 12.00
# Visual Studio Version 17
VisualStudioVersion = 17.4.33205.214
MinimumVisualStudioVersion = 10.0.40219.1
Project("{FAE04EC0-301F-11D3-BF4B-00C04F79EFBC}") = "Proje_Hastane", "Proje_Hastane\Proje_Hastane.csproj", "{70034CAA-C856-4CC5-B8EA-2995686F0D64}"
EndProject
Global
	GlobalSection(SolutionConfigurationPlatforms) = preSolution
		Debug|Any CPU = Debug|Any CPU
		Release|Any CPU = Release|Any CPU
	EndGlobalSection
	GlobalSection(ProjectConfigurationPlatforms) = postSolution
		{70034CAA-C856-4CC5-B8EA-2995686F0D64}.Debug|Any CPU.ActiveCfg = Debug|Any CPU
		{70034CAA-C856-4CC5-B8EA-2995686F0D64}.Debug|Any CPU.Build.0 = Debug|Any CPU
		{70034CAA-C856-4CC5-B8EA-2995686F0D64}.Release|Any CPU.ActiveCfg = Release|Any CPU
		{70034CAA-C856-4CC5-B8EA-2995686F0D64}.Release|Any CPU.Build.0 = Release|Any CPU
	EndGlobalSection
	GlobalSection(SolutionProperties) = preSolution
		HideSolutionNode = FALSE
	EndGlobalSection
	GlobalSection(ExtensibilityGlobals) = postSolution
		SolutionGuid = {FB2F4E3E-9BB7-4380-9DA8-3CBF37F747F7}
	EndGlobalSection
EndGlobal
